
Microsoft Visual Studio Solution File, Format Version 12.00
# Visual Studio 14
VisualStudioVersion = 14.0.25420.1
MinimumVisualStudioVersion = 10.0.40219.1
Project("{FAE04EC0-301F-11D3-BF4B-00C04F79EFBC}") = "GigHub", "GigHub\GigHub.csproj", "{A976731D-ED64-4ACA-AC46-60A46A80FC84}"
EndProject
Project("{FAE04EC0-301F-11D3-BF4B-00C04F79EFBC}") = "GigHub.Tests", "GigHub.Tests\GigHub.Tests.csproj", "{B3611B33-442A-44AD-9AA1-55F6BED750BB}"
EndProject
Project("{FAE04EC0-301F-11D3-BF4B-00C04F79EFBC}") = "GigHub.IntegrationTests", "GigHub.IntegrationTests\GigHub.IntegrationTests.csproj", "{79A5FEBC-1FBF-4046-949E-AAD9671B489D}"
EndProject
Global
	GlobalSection(SolutionConfigurationPlatforms) = preSolution
		Debug|Any CPU = Debug|Any CPU
		Release|Any CPU = Release|Any CPU
	EndGlobalSection
	GlobalSection(ProjectConfigurationPlatforms) = postSolution
		{A976731D-ED64-4ACA-AC46-60A46A80FC84}.Debug|Any CPU.ActiveCfg = Debug|Any CPU
		{A976731D-ED64-4ACA-AC46-60A46A80FC84}.Debug|Any CPU.Build.0 = Debug|Any CPU
		{A976731D-ED64-4ACA-AC46-60A46A80FC84}.Release|Any CPU.ActiveCfg = Release|Any CPU
		{A976731D-ED64-4ACA-AC46-60A46A80FC84}.Release|Any CPU.Build.0 = Release|Any CPU
		{B3611B33-442A-44AD-9AA1-55F6BED750BB}.Debug|Any CPU.ActiveCfg = Debug|Any CPU
		{B3611B33-442A-44AD-9AA1-55F6BED750BB}.Debug|Any CPU.Build.0 = Debug|Any CPU
		{B3611B33-442A-44AD-9AA1-55F6BED750BB}.Release|Any CPU.ActiveCfg = Release|Any CPU
		{B3611B33-442A-44AD-9AA1-55F6BED750BB}.Release|Any CPU.Build.0 = Release|Any CPU
		{79A5FEBC-1FBF-4046-949E-AAD9671B489D}.Debug|Any CPU.ActiveCfg = Debug|Any CPU
		{79A5FEBC-1FBF-4046-949E-AAD9671B489D}.Debug|Any CPU.Build.0 = Debug|Any CPU
		{79A5FEBC-1FBF-4046-949E-AAD9671B489D}.Release|Any CPU.ActiveCfg = Release|Any CPU
		{79A5FEBC-1FBF-4046-949E-AAD9671B489D}.Release|Any CPU.Build.0 = Release|Any CPU
	EndGlobalSection
	GlobalSection(SolutionProperties) = preSolution
		HideSolutionNode = FALSE
	EndGlobalSection
	GlobalSection(TeamFoundationVersionControl) = preSolution
		SccNumberOfProjects = 4
		SccEnterpriseProvider = {4CA58AB2-18FA-4F8D-95D4-32DDF27D184C}
		SccTeamFoundationServer = https://nealrobben.visualstudio.com/
		SccLocalPath0 = .
		SccProjectUniqueName1 = GigHub\\GigHub.csproj
		SccProjectName1 = GigHub
		SccLocalPath1 = GigHub
		SccProjectUniqueName2 = GigHub.Tests\\GigHub.Tests.csproj
		SccProjectName2 = GigHub.Tests
		SccLocalPath2 = GigHub.Tests
		SccProjectUniqueName3 = GigHub.IntegrationTests\\GigHub.IntegrationTests.csproj
		SccProjectName3 = GigHub.IntegrationTests
		SccLocalPath3 = GigHub.IntegrationTests
	EndGlobalSection
EndGlobal
